
Microsoft Visual Studio Solution File, Format Version 12.00
# Visual Studio Version 16
VisualStudioVersion = 16.0.30114.105
MinimumVisualStudioVersion = 10.0.40219.1
Project("{FAE04EC0-301F-11D3-BF4B-00C04F79EFBC}") = "Model", "Model\Model.csproj", "{EC121AE9-6110-4F56-9870-9C8ED106BBD0}"
EndProject
Project("{FAE04EC0-301F-11D3-BF4B-00C04F79EFBC}") = "ConsoleApp", "ConsoleApp\ConsoleApp.csproj", "{0AA8267D-FBA7-49EC-B684-3B81D66106FB}"
EndProject
Project("{FAE04EC0-301F-11D3-BF4B-00C04F79EFBC}") = "ControllerLib", "ControllerLib\ControllerLib.csproj", "{935D6A29-B4F3-4202-B9EC-1998C152D62A}"
EndProject
Project("{FAE04EC0-301F-11D3-BF4B-00C04F79EFBC}") = "ViewLib", "ViewLib\ViewLib.csproj", "{AA9A2DDD-9D66-4D4F-93FE-810558B0DD0D}"
EndProject
Global
	GlobalSection(SolutionConfigurationPlatforms) = preSolution
		Debug|Any CPU = Debug|Any CPU
		Debug|x64 = Debug|x64
		Debug|x86 = Debug|x86
		Release|Any CPU = Release|Any CPU
		Release|x64 = Release|x64
		Release|x86 = Release|x86
	EndGlobalSection
	GlobalSection(SolutionProperties) = preSolution
		HideSolutionNode = FALSE
	EndGlobalSection
	GlobalSection(ProjectConfigurationPlatforms) = postSolution
		{2A852871-B607-4AF9-AD21-FDC0D1D88DAA}.Debug|Any CPU.ActiveCfg = Debug|Any CPU
		{2A852871-B607-4AF9-AD21-FDC0D1D88DAA}.Debug|Any CPU.Build.0 = Debug|Any CPU
		{2A852871-B607-4AF9-AD21-FDC0D1D88DAA}.Debug|x64.ActiveCfg = Debug|Any CPU
		{2A852871-B607-4AF9-AD21-FDC0D1D88DAA}.Debug|x64.Build.0 = Debug|Any CPU
		{2A852871-B607-4AF9-AD21-FDC0D1D88DAA}.Debug|x86.ActiveCfg = Debug|Any CPU
		{2A852871-B607-4AF9-AD21-FDC0D1D88DAA}.Debug|x86.Build.0 = Debug|Any CPU
		{2A852871-B607-4AF9-AD21-FDC0D1D88DAA}.Release|Any CPU.ActiveCfg = Release|Any CPU
		{2A852871-B607-4AF9-AD21-FDC0D1D88DAA}.Release|Any CPU.Build.0 = Release|Any CPU
		{2A852871-B607-4AF9-AD21-FDC0D1D88DAA}.Release|x64.ActiveCfg = Release|Any CPU
		{2A852871-B607-4AF9-AD21-FDC0D1D88DAA}.Release|x64.Build.0 = Release|Any CPU
		{2A852871-B607-4AF9-AD21-FDC0D1D88DAA}.Release|x86.ActiveCfg = Release|Any CPU
		{2A852871-B607-4AF9-AD21-FDC0D1D88DAA}.Release|x86.Build.0 = Release|Any CPU
		{EC121AE9-6110-4F56-9870-9C8ED106BBD0}.Debug|Any CPU.ActiveCfg = Debug|Any CPU
		{EC121AE9-6110-4F56-9870-9C8ED106BBD0}.Debug|Any CPU.Build.0 = Debug|Any CPU
		{EC121AE9-6110-4F56-9870-9C8ED106BBD0}.Debug|x64.ActiveCfg = Debug|Any CPU
		{EC121AE9-6110-4F56-9870-9C8ED106BBD0}.Debug|x64.Build.0 = Debug|Any CPU
		{EC121AE9-6110-4F56-9870-9C8ED106BBD0}.Debug|x86.ActiveCfg = Debug|Any CPU
		{EC121AE9-6110-4F56-9870-9C8ED106BBD0}.Debug|x86.Build.0 = Debug|Any CPU
		{EC121AE9-6110-4F56-9870-9C8ED106BBD0}.Release|Any CPU.ActiveCfg = Release|Any CPU
		{EC121AE9-6110-4F56-9870-9C8ED106BBD0}.Release|Any CPU.Build.0 = Release|Any CPU
		{EC121AE9-6110-4F56-9870-9C8ED106BBD0}.Release|x64.ActiveCfg = Release|Any CPU
		{EC121AE9-6110-4F56-9870-9C8ED106BBD0}.Release|x64.Build.0 = Release|Any CPU
		{EC121AE9-6110-4F56-9870-9C8ED106BBD0}.Release|x86.ActiveCfg = Release|Any CPU
		{EC121AE9-6110-4F56-9870-9C8ED106BBD0}.Release|x86.Build.0 = Release|Any CPU
		{0AA8267D-FBA7-49EC-B684-3B81D66106FB}.Debug|Any CPU.ActiveCfg = Debug|Any CPU
		{0AA8267D-FBA7-49EC-B684-3B81D66106FB}.Debug|Any CPU.Build.0 = Debug|Any CPU
		{0AA8267D-FBA7-49EC-B684-3B81D66106FB}.Debug|x64.ActiveCfg = Debug|Any CPU
		{0AA8267D-FBA7-49EC-B684-3B81D66106FB}.Debug|x64.Build.0 = Debug|Any CPU
		{0AA8267D-FBA7-49EC-B684-3B81D66106FB}.Debug|x86.ActiveCfg = Debug|Any CPU
		{0AA8267D-FBA7-49EC-B684-3B81D66106FB}.Debug|x86.Build.0 = Debug|Any CPU
		{0AA8267D-FBA7-49EC-B684-3B81D66106FB}.Release|Any CPU.ActiveCfg = Release|Any CPU
		{0AA8267D-FBA7-49EC-B684-3B81D66106FB}.Release|Any CPU.Build.0 = Release|Any CPU
		{0AA8267D-FBA7-49EC-B684-3B81D66106FB}.Release|x64.ActiveCfg = Release|Any CPU
		{0AA8267D-FBA7-49EC-B684-3B81D66106FB}.Release|x64.Build.0 = Release|Any CPU
		{0AA8267D-FBA7-49EC-B684-3B81D66106FB}.Release|x86.ActiveCfg = Release|Any CPU
		{0AA8267D-FBA7-49EC-B684-3B81D66106FB}.Release|x86.Build.0 = Release|Any CPU
		{24BFCEE6-1E62-40C3-866C-78794C774368}.Debug|Any CPU.ActiveCfg = Debug|Any CPU
		{24BFCEE6-1E62-40C3-866C-78794C774368}.Debug|Any CPU.Build.0 = Debug|Any CPU
		{24BFCEE6-1E62-40C3-866C-78794C774368}.Debug|x64.ActiveCfg = Debug|Any CPU
		{24BFCEE6-1E62-40C3-866C-78794C774368}.Debug|x64.Build.0 = Debug|Any CPU
		{24BFCEE6-1E62-40C3-866C-78794C774368}.Debug|x86.ActiveCfg = Debug|Any CPU
		{24BFCEE6-1E62-40C3-866C-78794C774368}.Debug|x86.Build.0 = Debug|Any CPU
		{24BFCEE6-1E62-40C3-866C-78794C774368}.Release|Any CPU.ActiveCfg = Release|Any CPU
		{24BFCEE6-1E62-40C3-866C-78794C774368}.Release|Any CPU.Build.0 = Release|Any CPU
		{24BFCEE6-1E62-40C3-866C-78794C774368}.Release|x64.ActiveCfg = Release|Any CPU
		{24BFCEE6-1E62-40C3-866C-78794C774368}.Release|x64.Build.0 = Release|Any CPU
		{24BFCEE6-1E62-40C3-866C-78794C774368}.Release|x86.ActiveCfg = Release|Any CPU
		{24BFCEE6-1E62-40C3-866C-78794C774368}.Release|x86.Build.0 = Release|Any CPU
		{935D6A29-B4F3-4202-B9EC-1998C152D62A}.Debug|Any CPU.ActiveCfg = Debug|Any CPU
		{935D6A29-B4F3-4202-B9EC-1998C152D62A}.Debug|Any CPU.Build.0 = Debug|Any CPU
		{935D6A29-B4F3-4202-B9EC-1998C152D62A}.Debug|x64.ActiveCfg = Debug|Any CPU
		{935D6A29-B4F3-4202-B9EC-1998C152D62A}.Debug|x64.Build.0 = Debug|Any CPU
		{935D6A29-B4F3-4202-B9EC-1998C152D62A}.Debug|x86.ActiveCfg = Debug|Any CPU
		{935D6A29-B4F3-4202-B9EC-1998C152D62A}.Debug|x86.Build.0 = Debug|Any CPU
		{935D6A29-B4F3-4202-B9EC-1998C152D62A}.Release|Any CPU.ActiveCfg = Release|Any CPU
		{935D6A29-B4F3-4202-B9EC-1998C152D62A}.Release|Any CPU.Build.0 = Release|Any CPU
		{935D6A29-B4F3-4202-B9EC-1998C152D62A}.Release|x64.ActiveCfg = Release|Any CPU
		{935D6A29-B4F3-4202-B9EC-1998C152D62A}.Release|x64.Build.0 = Release|Any CPU
		{935D6A29-B4F3-4202-B9EC-1998C152D62A}.Release|x86.ActiveCfg = Release|Any CPU
		{935D6A29-B4F3-4202-B9EC-1998C152D62A}.Release|x86.Build.0 = Release|Any CPU
		{59AF94D6-4047-44F5-A3E5-B167EA5D02CE}.Debug|Any CPU.ActiveCfg = Debug|Any CPU
		{59AF94D6-4047-44F5-A3E5-B167EA5D02CE}.Debug|Any CPU.Build.0 = Debug|Any CPU
		{59AF94D6-4047-44F5-A3E5-B167EA5D02CE}.Debug|x64.ActiveCfg = Debug|Any CPU
		{59AF94D6-4047-44F5-A3E5-B167EA5D02CE}.Debug|x64.Build.0 = Debug|Any CPU
		{59AF94D6-4047-44F5-A3E5-B167EA5D02CE}.Debug|x86.ActiveCfg = Debug|Any CPU
		{59AF94D6-4047-44F5-A3E5-B167EA5D02CE}.Debug|x86.Build.0 = Debug|Any CPU
		{59AF94D6-4047-44F5-A3E5-B167EA5D02CE}.Release|Any CPU.ActiveCfg = Release|Any CPU
		{59AF94D6-4047-44F5-A3E5-B167EA5D02CE}.Release|Any CPU.Build.0 = Release|Any CPU
		{59AF94D6-4047-44F5-A3E5-B167EA5D02CE}.Release|x64.ActiveCfg = Release|Any CPU
		{59AF94D6-4047-44F5-A3E5-B167EA5D02CE}.Release|x64.Build.0 = Release|Any CPU
		{59AF94D6-4047-44F5-A3E5-B167EA5D02CE}.Release|x86.ActiveCfg = Release|Any CPU
		{59AF94D6-4047-44F5-A3E5-B167EA5D02CE}.Release|x86.Build.0 = Release|Any CPU
		{55291BDF-2404-4D2B-B747-20734DE58B80}.Debug|Any CPU.ActiveCfg = Debug|Any CPU
		{55291BDF-2404-4D2B-B747-20734DE58B80}.Debug|Any CPU.Build.0 = Debug|Any CPU
		{55291BDF-2404-4D2B-B747-20734DE58B80}.Debug|x64.ActiveCfg = Debug|Any CPU
		{55291BDF-2404-4D2B-B747-20734DE58B80}.Debug|x64.Build.0 = Debug|Any CPU
		{55291BDF-2404-4D2B-B747-20734DE58B80}.Debug|x86.ActiveCfg = Debug|Any CPU
		{55291BDF-2404-4D2B-B747-20734DE58B80}.Debug|x86.Build.0 = Debug|Any CPU
		{55291BDF-2404-4D2B-B747-20734DE58B80}.Release|Any CPU.ActiveCfg = Release|Any CPU
		{55291BDF-2404-4D2B-B747-20734DE58B80}.Release|Any CPU.Build.0 = Release|Any CPU
		{55291BDF-2404-4D2B-B747-20734DE58B80}.Release|x64.ActiveCfg = Release|Any CPU
		{55291BDF-2404-4D2B-B747-20734DE58B80}.Release|x64.Build.0 = Release|Any CPU
		{55291BDF-2404-4D2B-B747-20734DE58B80}.Release|x86.ActiveCfg = Release|Any CPU
		{55291BDF-2404-4D2B-B747-20734DE58B80}.Release|x86.Build.0 = Release|Any CPU
		{AA9A2DDD-9D66-4D4F-93FE-810558B0DD0D}.Debug|Any CPU.ActiveCfg = Debug|Any CPU
		{AA9A2DDD-9D66-4D4F-93FE-810558B0DD0D}.Debug|Any CPU.Build.0 = Debug|Any CPU
		{AA9A2DDD-9D66-4D4F-93FE-810558B0DD0D}.Debug|x64.ActiveCfg = Debug|Any CPU
		{AA9A2DDD-9D66-4D4F-93FE-810558B0DD0D}.Debug|x64.Build.0 = Debug|Any CPU
		{AA9A2DDD-9D66-4D4F-93FE-810558B0DD0D}.Debug|x86.ActiveCfg = Debug|Any CPU
		{AA9A2DDD-9D66-4D4F-93FE-810558B0DD0D}.Debug|x86.Build.0 = Debug|Any CPU
		{AA9A2DDD-9D66-4D4F-93FE-810558B0DD0D}.Release|Any CPU.ActiveCfg = Release|Any CPU
		{AA9A2DDD-9D66-4D4F-93FE-810558B0DD0D}.Release|Any CPU.Build.0 = Release|Any CPU
		{AA9A2DDD-9D66-4D4F-93FE-810558B0DD0D}.Release|x64.ActiveCfg = Release|Any CPU
		{AA9A2DDD-9D66-4D4F-93FE-810558B0DD0D}.Release|x64.Build.0 = Release|Any CPU
		{AA9A2DDD-9D66-4D4F-93FE-810558B0DD0D}.Release|x86.ActiveCfg = Release|Any CPU
		{AA9A2DDD-9D66-4D4F-93FE-810558B0DD0D}.Release|x86.Build.0 = Release|Any CPU
	EndGlobalSection
EndGlobal
